
Microsoft Visual Studio Solution File, Format Version 12.00
# Visual Studio Version 16
VisualStudioVersion = 16.0.31424.327
MinimumVisualStudioVersion = 10.0.40219.1
Project("{FAE04EC0-301F-11D3-BF4B-00C04F79EFBC}") = "Inventory Rest API", "Inventory Rest API\Inventory Rest API.csproj", "{67F6249E-9255-48CC-961E-A6F2B0F271DE}"
EndProject
Global
	GlobalSection(SolutionConfigurationPlatforms) = preSolution
		Debug|Any CPU = Debug|Any CPU
		Release|Any CPU = Release|Any CPU
	EndGlobalSection
	GlobalSection(ProjectConfigurationPlatforms) = postSolution
		{67F6249E-9255-48CC-961E-A6F2B0F271DE}.Debug|Any CPU.ActiveCfg = Debug|Any CPU
		{67F6249E-9255-48CC-961E-A6F2B0F271DE}.Debug|Any CPU.Build.0 = Debug|Any CPU
		{67F6249E-9255-48CC-961E-A6F2B0F271DE}.Release|Any CPU.ActiveCfg = Release|Any CPU
		{67F6249E-9255-48CC-961E-A6F2B0F271DE}.Release|Any CPU.Build.0 = Release|Any CPU
	EndGlobalSection
	GlobalSection(SolutionProperties) = preSolution
		HideSolutionNode = FALSE
	EndGlobalSection
	GlobalSection(ExtensibilityGlobals) = postSolution
		SolutionGuid = {4218578C-552F-4CD7-A7FD-3F5B9565396B}
	EndGlobalSection
EndGlobal
